
Microsoft Visual Studio Solution File, Format Version 12.00
# Visual Studio Version 17
VisualStudioVersion = 17.6.33723.286
MinimumVisualStudioVersion = 10.0.40219.1
Project("{FAE04EC0-301F-11D3-BF4B-00C04F79EFBC}") = "Phoenix.BusinessManagement.API", "Phoenix.BusinessManagement.API\Phoenix.BusinessManagement.API.csproj", "{C21D773D-AE91-4674-86EF-54B2EBCD2829}"
EndProject
Project("{FAE04EC0-301F-11D3-BF4B-00C04F79EFBC}") = "Phoenix.BusinessManagement.Entity", "Phoenix.BusinessManagement.Entity\Phoenix.BusinessManagement.Entity.csproj", "{5457AF7B-13C1-46D6-9D32-3E1A3E62800B}"
EndProject
Project("{FAE04EC0-301F-11D3-BF4B-00C04F79EFBC}") = "Phoenix.BusinessManagement.ClientModel", "Phoenix.BusinessManagement.ClientModel\Phoenix.BusinessManagement.ClientModel.csproj", "{5DE291E2-D79A-433E-831F-CB9049136F1B}"
EndProject
Project("{FAE04EC0-301F-11D3-BF4B-00C04F79EFBC}") = "Phoenix.BusinessManagement.Service", "Phoenix.BusinessManagement.Service\Phoenix.BusinessManagement.Service.csproj", "{9390E732-63DF-4EEF-97C3-D7A0CC061726}"
EndProject
Project("{FAE04EC0-301F-11D3-BF4B-00C04F79EFBC}") = "Phoenix.BusinessManagement.Repository", "Phoenix.BusinessManagement.Repository\Phoenix.BusinessManagement.Repository.csproj", "{4DC80509-42D4-4B2A-84DB-B1B408E90918}"
EndProject
Global
	GlobalSection(SolutionConfigurationPlatforms) = preSolution
		Debug|Any CPU = Debug|Any CPU
		Release|Any CPU = Release|Any CPU
	EndGlobalSection
	GlobalSection(ProjectConfigurationPlatforms) = postSolution
		{C21D773D-AE91-4674-86EF-54B2EBCD2829}.Debug|Any CPU.ActiveCfg = Debug|Any CPU
		{C21D773D-AE91-4674-86EF-54B2EBCD2829}.Debug|Any CPU.Build.0 = Debug|Any CPU
		{C21D773D-AE91-4674-86EF-54B2EBCD2829}.Release|Any CPU.ActiveCfg = Release|Any CPU
		{C21D773D-AE91-4674-86EF-54B2EBCD2829}.Release|Any CPU.Build.0 = Release|Any CPU
		{5457AF7B-13C1-46D6-9D32-3E1A3E62800B}.Debug|Any CPU.ActiveCfg = Debug|Any CPU
		{5457AF7B-13C1-46D6-9D32-3E1A3E62800B}.Debug|Any CPU.Build.0 = Debug|Any CPU
		{5457AF7B-13C1-46D6-9D32-3E1A3E62800B}.Release|Any CPU.ActiveCfg = Release|Any CPU
		{5457AF7B-13C1-46D6-9D32-3E1A3E62800B}.Release|Any CPU.Build.0 = Release|Any CPU
		{5DE291E2-D79A-433E-831F-CB9049136F1B}.Debug|Any CPU.ActiveCfg = Debug|Any CPU
		{5DE291E2-D79A-433E-831F-CB9049136F1B}.Debug|Any CPU.Build.0 = Debug|Any CPU
		{5DE291E2-D79A-433E-831F-CB9049136F1B}.Release|Any CPU.ActiveCfg = Release|Any CPU
		{5DE291E2-D79A-433E-831F-CB9049136F1B}.Release|Any CPU.Build.0 = Release|Any CPU
		{9390E732-63DF-4EEF-97C3-D7A0CC061726}.Debug|Any CPU.ActiveCfg = Debug|Any CPU
		{9390E732-63DF-4EEF-97C3-D7A0CC061726}.Debug|Any CPU.Build.0 = Debug|Any CPU
		{9390E732-63DF-4EEF-97C3-D7A0CC061726}.Release|Any CPU.ActiveCfg = Release|Any CPU
		{9390E732-63DF-4EEF-97C3-D7A0CC061726}.Release|Any CPU.Build.0 = Release|Any CPU
		{4DC80509-42D4-4B2A-84DB-B1B408E90918}.Debug|Any CPU.ActiveCfg = Debug|Any CPU
		{4DC80509-42D4-4B2A-84DB-B1B408E90918}.Debug|Any CPU.Build.0 = Debug|Any CPU
		{4DC80509-42D4-4B2A-84DB-B1B408E90918}.Release|Any CPU.ActiveCfg = Release|Any CPU
		{4DC80509-42D4-4B2A-84DB-B1B408E90918}.Release|Any CPU.Build.0 = Release|Any CPU
	EndGlobalSection
	GlobalSection(SolutionProperties) = preSolution
		HideSolutionNode = FALSE
	EndGlobalSection
	GlobalSection(ExtensibilityGlobals) = postSolution
		SolutionGuid = {219F4BF1-623C-4EBE-8CAF-648258D6F2C2}
	EndGlobalSection
EndGlobal
